// !$*UTF8*$!
{
	archiveVersion = 1;
	classes = {
	};
	objectVersion = 50;
	objects = {

/* Begin PBXBuildFile section */
		8131024322E1CE3A001729DD /* AppDelegate.swift in Sources */ = {isa = PBXBuildFile; fileRef = 8131024222E1CE3A001729DD /* AppDelegate.swift */; };
		8131024522E1CE3A001729DD /* SceneDelegate.swift in Sources */ = {isa = PBXBuildFile; fileRef = 8131024422E1CE3A001729DD /* SceneDelegate.swift */; };
		8131024722E1CE3A001729DD /* ViewController.swift in Sources */ = {isa = PBXBuildFile; fileRef = 8131024622E1CE3A001729DD /* ViewController.swift */; };
		8131024A22E1CE3A001729DD /* Main.storyboard in Resources */ = {isa = PBXBuildFile; fileRef = 8131024822E1CE3A001729DD /* Main.storyboard */; };
		8131024C22E1CE3B001729DD /* Assets.xcassets in Resources */ = {isa = PBXBuildFile; fileRef = 8131024B22E1CE3B001729DD /* Assets.xcassets */; };
		8131024F22E1CE3B001729DD /* LaunchScreen.storyboard in Resources */ = {isa = PBXBuildFile; fileRef = 8131024D22E1CE3B001729DD /* LaunchScreen.storyboard */; };
/* End PBXBuildFile section */

/* Begin PBXFileReference section */
		8131023F22E1CE3A001729DD /* Apple-SingIn.app */ = {isa = PBXFileReference; explicitFileType = wrapper.application; includeInIndex = 0; path = "Apple-SingIn.app"; sourceTree = BUILT_PRODUCTS_DIR; };
		8131024222E1CE3A001729DD /* AppDelegate.swift */ = {isa = PBXFileReference; lastKnownFileType = sourcecode.swift; path = AppDelegate.swift; sourceTree = "<group>"; };
		8131024422E1CE3A001729DD /* SceneDelegate.swift */ = {isa = PBXFileReference; lastKnownFileType = sourcecode.swift; path = SceneDelegate.swift; sourceTree = "<group>"; };
		8131024622E1CE3A001729DD /* ViewController.swift */ = {isa = PBXFileReference; lastKnownFileType = sourcecode.swift; path = ViewController.swift; sourceTree = "<group>"; };
		8131024922E1CE3A001729DD /* Base */ = {isa = PBXFileReference; lastKnownFileType = file.storyboard; name = Base; path = Base.lproj/Main.storyboard; sourceTree = "<group>"; };
		8131024B22E1CE3B001729DD /* Assets.xcassets */ = {isa = PBXFileReference; lastKnownFileType = folder.assetcatalog; path = Assets.xcassets; sourceTree = "<group>"; };
		8131024E22E1CE3B001729DD /* Base */ = {isa = PBXFileReference; lastKnownFileType = file.storyboard; name = Base; path = Base.lproj/LaunchScreen.storyboard; sourceTree = "<group>"; };
		8131025022E1CE3B001729DD /* Info.plist */ = {isa = PBXFileReference; lastKnownFileType = text.plist.xml; path = Info.plist; sourceTree = "<group>"; };
		8131025622E1CF09001729DD /* Apple-SingIn.entitlements */ = {isa = PBXFileReference; lastKnownFileType = text.plist.entitlements; path = "Apple-SingIn.entitlements"; sourceTree = "<group>"; };
/* End PBXFileReference section */

/* Begin PBXFrameworksBuildPhase section */
		8131023C22E1CE3A001729DD /* Frameworks */ = {
			isa = PBXFrameworksBuildPhase;
			buildActionMask = 2147483647;
			files = (
			);
			runOnlyForDeploymentPostprocessing = 0;
		};
/* End PBXFrameworksBuildPhase section */

/* Begin PBXGroup section */
		8131023622E1CE3A001729DD = {
			isa = PBXGroup;
			children = (
				8131024122E1CE3A001729DD /* Apple-SingIn */,
				8131024022E1CE3A001729DD /* Products */,
			);
			sourceTree = "<group>";
		};
		8131024022E1CE3A001729DD /* Products */ = {
			isa = PBXGroup;
			children = (
				8131023F22E1CE3A001729DD /* Apple-SingIn.app */,
			);
			name = Products;
			sourceTree = "<group>";
		};
		8131024122E1CE3A001729DD /* Apple-SingIn */ = {
			isa = PBXGroup;
			children = (
				8131025622E1CF09001729DD /* Apple-SingIn.entitlements */,
				8131024222E1CE3A001729DD /* AppDelegate.swift */,
				8131024422E1CE3A001729DD /* SceneDelegate.swift */,
				8131024622E1CE3A001729DD /* ViewController.swift */,
				8131024822E1CE3A001729DD /* Main.storyboard */,
				8131024B22E1CE3B001729DD /* Assets.xcassets */,
				8131024D22E1CE3B001729DD /* LaunchScreen.storyboard */,
				8131025022E1CE3B001729DD /* Info.plist */,
			);
			path = "Apple-SingIn";
			sourceTree = "<group>";
		};
/* End PBXGroup section */

/* Begin PBXNativeTarget section */
		8131023E22E1CE3A001729DD /* Apple-SingIn */ = {
			isa = PBXNativeTarget;
			buildConfigurationList = 8131025322E1CE3B001729DD /* Build configuration list for PBXNativeTarget "Apple-SingIn" */;
			buildPhases = (
				8131023B22E1CE3A001729DD /* Sources */,
				8131023C22E1CE3A001729DD /* Frameworks */,
				8131023D22E1CE3A001729DD /* Resources */,
			);
			buildRules = (
			);
			dependencies = (
			);
			name = "Apple-SingIn";
			productName = "Apple-SingIn";
			productReference = 8131023F22E1CE3A001729DD /* Apple-SingIn.app */;
			productType = "com.apple.product-type.application";
		};
/* End PBXNativeTarget section */

/* Begin PBXProject section */
		8131023722E1CE3A001729DD /* Project object */ = {
			isa = PBXProject;
			attributes = {
				LastSwiftUpdateCheck = 1100;
				LastUpgradeCheck = 1100;
				ORGANIZATIONNAME = Personal;
				TargetAttributes = {
					8131023E22E1CE3A001729DD = {
						CreatedOnToolsVersion = 11.0;
					};
				};
			};
			buildConfigurationList = 8131023A22E1CE3A001729DD /* Build configuration list for PBXProject "Apple-SingIn" */;
			compatibilityVersion = "Xcode 9.3";
			developmentRegion = en;
			hasScannedForEncodings = 0;
			knownRegions = (
				en,
				Base,
			);
			mainGroup = 8131023622E1CE3A001729DD;
			productRefGroup = 8131024022E1CE3A001729DD /* Products */;
			projectDirPath = "";
			projectRoot = "";
			targets = (
				8131023E22E1CE3A001729DD /* Apple-SingIn */,
			);
		};
/* End PBXProject section */

/* Begin PBXResourcesBuildPhase section */
		8131023D22E1CE3A001729DD /* Resources */ = {
			isa = PBXResourcesBuildPhase;
			buildActionMask = 2147483647;
			files = (
				8131024F22E1CE3B001729DD /* LaunchScreen.storyboard in Resources */,
				8131024C22E1CE3B001729DD /* Assets.xcassets in Resources */,
				8131024A22E1CE3A001729DD /* Main.storyboard in Resources */,
			);
			runOnlyForDeploymentPostprocessing = 0;
		};
/* End PBXResourcesBuildPhase section */

/* Begin PBXSourcesBuildPhase section */
		8131023B22E1CE3A001729DD /* Sources */ = {
			isa = PBXSourcesBuildPhase;
			buildActionMask = 2147483647;
			files = (
				8131024722E1CE3A001729DD /* ViewController.swift in Sources */,
				8131024322E1CE3A001729DD /* AppDelegate.swift in Sources */,
				8131024522E1CE3A001729DD /* SceneDelegate.swift in Sources */,
			);
			runOnlyForDeploymentPostprocessing = 0;
		};
/* End PBXSourcesBuildPhase section */

/* Begin PBXVariantGroup section */
		8131024822E1CE3A001729DD /* Main.storyboard */ = {
			isa = PBXVariantGroup;
			children = (
				8131024922E1CE3A001729DD /* Base */,
			);
			name = Main.storyboard;
			sourceTree = "<group>";
		};
		8131024D22E1CE3B001729DD /* LaunchScreen.storyboard */ = {
			isa = PBXVariantGroup;
			children = (
				8131024E22E1CE3B001729DD /* Base */,
			);
			name = LaunchScreen.storyboard;
			sourceTree = "<group>";
		};
/* End PBXVariantGroup section */

/* Begin XCBuildConfiguration section */
		8131025122E1CE3B001729DD /* Debug */ = {
			isa = XCBuildConfiguration;
			buildSettings = {
				ALWAYS_SEARCH_USER_PATHS = NO;
				CLANG_ANALYZER_NONNULL = YES;
				CLANG_ANALYZER_NUMBER_OBJECT_CONVERSION = YES_AGGRESSIVE;
				CLANG_CXX_LANGUAGE_STANDARD = "gnu++14";
				CLANG_CXX_LIBRARY = "libc++";
				CLANG_ENABLE_MODULES = YES;
				CLANG_ENABLE_OBJC_ARC = YES;
				CLANG_ENABLE_OBJC_WEAK = YES;
				CLANG_WARN_BLOCK_CAPTURE_AUTORELEASING = YES;
				CLANG_WARN_BOOL_CONVERSION = YES;
				CLANG_WARN_COMMA = YES;
				CLANG_WARN_CONSTANT_CONVERSION = YES;
				CLANG_WARN_DEPRECATED_OBJC_IMPLEMENTATIONS = YES;
				CLANG_WARN_DIRECT_OBJC_ISA_USAGE = YES_ERROR;
				CLANG_WARN_DOCUMENTATION_COMMENTS = YES;
				CLANG_WARN_EMPTY_BODY = YES;
				CLANG_WARN_ENUM_CONVERSION = YES;
				CLANG_WARN_INFINITE_RECURSION = YES;
				CLANG_WARN_INT_CONVERSION = YES;
				CLANG_WARN_NON_LITERAL_NULL_CONVERSION = YES;
				CLANG_WARN_OBJC_IMPLICIT_RETAIN_SELF = YES;
				CLANG_WARN_OBJC_LITERAL_CONVERSION = YES;
				CLANG_WARN_OBJC_ROOT_CLASS = YES_ERROR;
				CLANG_WARN_RANGE_LOOP_ANALYSIS = YES;
				CLANG_WARN_STRICT_PROTOTYPES = YES;
				CLANG_WARN_SUSPICIOUS_MOVE = YES;
				CLANG_WARN_UNGUARDED_AVAILABILITY = YES_AGGRESSIVE;
				CLANG_WARN_UNREACHABLE_CODE = YES;
				CLANG_WARN__DUPLICATE_METHOD_MATCH = YES;
				COPY_PHASE_STRIP = NO;
				DEBUG_INFORMATION_FORMAT = dwarf;
				ENABLE_STRICT_OBJC_MSGSEND = YES;
				ENABLE_TESTABILITY = YES;
				GCC_C_LANGUAGE_STANDARD = gnu11;
				GCC_DYNAMIC_NO_PIC = NO;
				GCC_NO_COMMON_BLOCKS = YES;
				GCC_OPTIMIZATION_LEVEL = 0;
				GCC_PREPROCESSOR_DEFINITIONS = (
					"DEBUG=1",
					"$(inherited)",
				);
				GCC_WARN_64_TO_32_BIT_CONVERSION = YES;
				GCC_WARN_ABOUT_RETURN_TYPE = YES_ERROR;
				GCC_WARN_UNDECLARED_SELECTOR = YES;
				GCC_WARN_UNINITIALIZED_AUTOS = YES_AGGRESSIVE;
				GCC_WARN_UNUSED_FUNCTION = YES;
				GCC_WARN_UNUSED_VARIABLE = YES;
				IPHONEOS_DEPLOYMENT_TARGET = 13.0;
				MTL_ENABLE_DEBUG_INFO = INCLUDE_SOURCE;
				MTL_FAST_MATH = YES;
				ONLY_ACTIVE_ARCH = YES;
				SDKROOT = iphoneos;
				SWIFT_ACTIVE_COMPILATION_CONDITIONS = DEBUG;
				SWIFT_OPTIMIZATION_LEVEL = "-Onone";
			};
			name = Debug;
		};
		8131025222E1CE3B001729DD /* Release */ = {
			isa = XCBuildConfiguration;
			buildSettings = {
				ALWAYS_SEARCH_USER_PATHS = NO;
				CLANG_ANALYZER_NONNULL = YES;
				CLANG_ANALYZER_NUMBER_OBJECT_CONVERSION = YES_AGGRESSIVE;
				CLANG_CXX_LANGUAGE_STANDARD = "gnu++14";
				CLANG_CXX_LIBRARY = "libc++";
				CLANG_ENABLE_MODULES = YES;
				CLANG_ENABLE_OBJC_ARC = YES;
				CLANG_ENABLE_OBJC_WEAK = YES;
				CLANG_WARN_BLOCK_CAPTURE_AUTORELEASING = YES;
				CLANG_WARN_BOOL_CONVERSION = YES;
				CLANG_WARN_COMMA = YES;
				CLANG_WARN_CONSTANT_CONVERSION = YES;
				CLANG_WARN_DEPRECATED_OBJC_IMPLEMENTATIONS = YES;
				CLANG_WARN_DIRECT_OBJC_ISA_USAGE = YES_ERROR;
				CLANG_WARN_DOCUMENTATION_COMMENTS = YES;
				CLANG_WARN_EMPTY_BODY = YES;
				CLANG_WARN_ENUM_CONVERSION = YES;
				CLANG_WARN_INFINITE_RECURSION = YES;
				CLANG_WARN_INT_CONVERSION = YES;
				CLANG_WARN_NON_LITERAL_NULL_CONVERSION = YES;
				CLANG_WARN_OBJC_IMPLICIT_RETAIN_SELF = YES;
				CLANG_WARN_OBJC_LITERAL_CONVERSION = YES;
				CLANG_WARN_OBJC_ROOT_CLASS = YES_ERROR;
				CLANG_WARN_RANGE_LOOP_ANALYSIS = YES;
				CLANG_WARN_STRICT_PROTOTYPES = YES;
				CLANG_WARN_SUSPICIOUS_MOVE = YES;
				CLANG_WARN_UNGUARDED_AVAILABILITY = YES_AGGRESSIVE;
				CLANG_WARN_UNREACHABLE_CODE = YES;
				CLANG_WARN__DUPLICATE_METHOD_MATCH = YES;
				COPY_PHASE_STRIP = NO;
				DEBUG_INFORMATION_FORMAT = "dwarf-with-dsym";
				ENABLE_NS_ASSERTIONS = NO;
				ENABLE_STRICT_OBJC_MSGSEND = YES;
				GCC_C_LANGUAGE_STANDARD = gnu11;
				GCC_NO_COMMON_BLOCKS = YES;
				GCC_WARN_64_TO_32_BIT_CONVERSION = YES;
				GCC_WARN_ABOUT_RETURN_TYPE = YES_ERROR;
				GCC_WARN_UNDECLARED_SELECTOR = YES;
				GCC_WARN_UNINITIALIZED_AUTOS = YES_AGGRESSIVE;
				GCC_WARN_UNUSED_FUNCTION = YES;
				GCC_WARN_UNUSED_VARIABLE = YES;
				IPHONEOS_DEPLOYMENT_TARGET = 13.0;
				MTL_ENABLE_DEBUG_INFO = NO;
				MTL_FAST_MATH = YES;
				SDKROOT = iphoneos;
				SWIFT_COMPILATION_MODE = wholemodule;
				SWIFT_OPTIMIZATION_LEVEL = "-O";
				VALIDATE_PRODUCT = YES;
			};
			name = Release;
		};
		8131025422E1CE3B001729DD /* Debug */ = {
			isa = XCBuildConfiguration;
			buildSettings = {
				ASSETCATALOG_COMPILER_APPICON_NAME = AppIcon;
				CODE_SIGN_ENTITLEMENTS = "Apple-SingIn/Apple-SingIn.entitlements";
				CODE_SIGN_STYLE = Automatic;
				DEVELOPMENT_TEAM = FX6C5866MT;
				INFOPLIST_FILE = "Apple-SingIn/Info.plist";
				LD_RUNPATH_SEARCH_PATHS = (
					"$(inherited)",
					"@executable_path/Frameworks",
				);
				PRODUCT_BUNDLE_IDENTIFIER = com.rohit.applesignin;
				PRODUCT_NAME = "$(TARGET_NAME)";
				SWIFT_VERSION = 5.0;
				TARGETED_DEVICE_FAMILY = "1,2";
			};
			name = Debug;
		};
		8131025522E1CE3B001729DD /* Release */ = {
			isa = XCBuildConfiguration;
			buildSettings = {
				ASSETCATALOG_COMPILER_APPICON_NAME = AppIcon;
				CODE_SIGN_ENTITLEMENTS = "Apple-SingIn/Apple-SingIn.entitlements";
				CODE_SIGN_STYLE = Automatic;
				DEVELOPMENT_TEAM = FX6C5866MT;
				INFOPLIST_FILE = "Apple-SingIn/Info.plist";
				LD_RUNPATH_SEARCH_PATHS = (
					"$(inherited)",
					"@executable_path/Frameworks",
				);
				PRODUCT_BUNDLE_IDENTIFIER = com.rohit.applesignin;
				PRODUCT_NAME = "$(TARGET_NAME)";
				SWIFT_VERSION = 5.0;
				TARGETED_DEVICE_FAMILY = "1,2";
			};
			name = Release;
		};
/* End XCBuildConfiguration section */

/* Begin XCConfigurationList section */
		8131023A22E1CE3A001729DD /* Build configuration list for PBXProject "Apple-SingIn" */ = {
			isa = XCConfigurationList;
			buildConfigurations = (
				8131025122E1CE3B001729DD /* Debug */,
				8131025222E1CE3B001729DD /* Release */,
			);
			defaultConfigurationIsVisible = 0;
			defaultConfigurationName = Release;
		};
		8131025322E1CE3B001729DD /* Build configuration list for PBXNativeTarget "Apple-SingIn" */ = {
			isa = XCConfigurationList;
			buildConfigurations = (
				8131025422E1CE3B001729DD /* Debug */,
				8131025522E1CE3B001729DD /* Release */,
			);
			defaultConfigurationIsVisible = 0;
			defaultConfigurationName = Release;
		};
/* End XCConfigurationList section */
	};
	rootObject = 8131023722E1CE3A001729DD /* Project object */;
}
